
Microsoft Visual Studio Solution File, Format Version 12.00
# Visual Studio Version 16
VisualStudioVersion = 16.0.809.2
MinimumVisualStudioVersion = 10.0.40219.1
Project("{FAE04EC0-301F-11D3-BF4B-00C04F79EFBC}") = "Lab3_code", "Lab3_code\Lab3_code.csproj", "{301516D6-DD97-4178-A786-4A3DA44E9750}"
EndProject
Global
	GlobalSection(SolutionConfigurationPlatforms) = preSolution
		Debug|Any CPU = Debug|Any CPU
		Release|Any CPU = Release|Any CPU
	EndGlobalSection
	GlobalSection(ProjectConfigurationPlatforms) = postSolution
		{301516D6-DD97-4178-A786-4A3DA44E9750}.Debug|Any CPU.ActiveCfg = Debug|Any CPU
		{301516D6-DD97-4178-A786-4A3DA44E9750}.Debug|Any CPU.Build.0 = Debug|Any CPU
		{301516D6-DD97-4178-A786-4A3DA44E9750}.Release|Any CPU.ActiveCfg = Release|Any CPU
		{301516D6-DD97-4178-A786-4A3DA44E9750}.Release|Any CPU.Build.0 = Release|Any CPU
	EndGlobalSection
	GlobalSection(SolutionProperties) = preSolution
		HideSolutionNode = FALSE
	EndGlobalSection
	GlobalSection(ExtensibilityGlobals) = postSolution
		SolutionGuid = {E177B1D7-3DDA-47BB-804F-393365F9A360}
	EndGlobalSection
EndGlobal
